
Microsoft Visual Studio Solution File, Format Version 12.00
# Visual Studio 2012
Project("{FAE04EC0-301F-11D3-BF4B-00C04F79EFBC}") = "architecture", "architecture\architecture.csproj", "{64C6D578-0761-4711-AA63-802568C5DB74}"
EndProject
Project("{FAE04EC0-301F-11D3-BF4B-00C04F79EFBC}") = "Ninject", "..\Ninject\src\Ninject\Ninject.csproj", "{ADF369E2-6B9E-4D56-9B82-D273AE41EC2D}"
EndProject
Global
	GlobalSection(SolutionConfigurationPlatforms) = preSolution
		Debug|x86 = Debug|x86
		Release|x86 = Release|x86
	EndGlobalSection
	GlobalSection(ProjectConfigurationPlatforms) = postSolution
		{64C6D578-0761-4711-AA63-802568C5DB74}.Debug|x86.ActiveCfg = Debug|x86
		{64C6D578-0761-4711-AA63-802568C5DB74}.Debug|x86.Build.0 = Debug|x86
		{64C6D578-0761-4711-AA63-802568C5DB74}.Release|x86.ActiveCfg = Release|x86
		{64C6D578-0761-4711-AA63-802568C5DB74}.Release|x86.Build.0 = Release|x86
		{ADF369E2-6B9E-4D56-9B82-D273AE41EC2D}.Debug|x86.ActiveCfg = Debug|Any CPU
		{ADF369E2-6B9E-4D56-9B82-D273AE41EC2D}.Debug|x86.Build.0 = Debug|Any CPU
		{ADF369E2-6B9E-4D56-9B82-D273AE41EC2D}.Release|x86.ActiveCfg = Release|Any CPU
		{ADF369E2-6B9E-4D56-9B82-D273AE41EC2D}.Release|x86.Build.0 = Release|Any CPU
	EndGlobalSection
EndGlobal
